
Microsoft Visual Studio Solution File, Format Version 12.00
# Visual Studio 14
VisualStudioVersion = 14.0.25420.1
MinimumVisualStudioVersion = 10.0.40219.1
Project("{FAE04EC0-301F-11D3-BF4B-00C04F79EFBC}") = "Transmitter", "Transmitter\Transmitter.csproj", "{54B664BF-97ED-4B51-8A28-7BFEC3AEE635}"
EndProject
Project("{FAE04EC0-301F-11D3-BF4B-00C04F79EFBC}") = "Common", "Common\Common.csproj", "{417056FA-2E64-4055-A25A-B697D46BEE00}"
EndProject
Project("{FAE04EC0-301F-11D3-BF4B-00C04F79EFBC}") = "DataModels", "DataModels\DataModels.csproj", "{2A89759F-D961-4B20-9534-3C8DB3F05330}"
EndProject
Project("{FAE04EC0-301F-11D3-BF4B-00C04F79EFBC}") = "CommunicationLayer", "CommunicationLayer\CommunicationLayer.csproj", "{3FCACABA-261E-4162-8296-89B388E5D174}"
EndProject
Project("{2150E333-8FDC-42A3-9474-1A3956D46DE8}") = "UnitTests", "UnitTests", "{412544A3-018C-4E49-9366-353EC5E80FDA}"
EndProject
Project("{FAE04EC0-301F-11D3-BF4B-00C04F79EFBC}") = "UnitTests.DataModels", "UnitTests.DataModels\UnitTests.DataModels.csproj", "{5464F1DD-3B34-47EF-B10B-64BC0775B00D}"
EndProject
Global
	GlobalSection(SolutionConfigurationPlatforms) = preSolution
		Debug|Any CPU = Debug|Any CPU
		Release|Any CPU = Release|Any CPU
	EndGlobalSection
	GlobalSection(ProjectConfigurationPlatforms) = postSolution
		{54B664BF-97ED-4B51-8A28-7BFEC3AEE635}.Debug|Any CPU.ActiveCfg = Debug|Any CPU
		{54B664BF-97ED-4B51-8A28-7BFEC3AEE635}.Debug|Any CPU.Build.0 = Debug|Any CPU
		{54B664BF-97ED-4B51-8A28-7BFEC3AEE635}.Release|Any CPU.ActiveCfg = Release|Any CPU
		{54B664BF-97ED-4B51-8A28-7BFEC3AEE635}.Release|Any CPU.Build.0 = Release|Any CPU
		{417056FA-2E64-4055-A25A-B697D46BEE00}.Debug|Any CPU.ActiveCfg = Debug|Any CPU
		{417056FA-2E64-4055-A25A-B697D46BEE00}.Debug|Any CPU.Build.0 = Debug|Any CPU
		{417056FA-2E64-4055-A25A-B697D46BEE00}.Release|Any CPU.ActiveCfg = Release|Any CPU
		{417056FA-2E64-4055-A25A-B697D46BEE00}.Release|Any CPU.Build.0 = Release|Any CPU
		{2A89759F-D961-4B20-9534-3C8DB3F05330}.Debug|Any CPU.ActiveCfg = Debug|Any CPU
		{2A89759F-D961-4B20-9534-3C8DB3F05330}.Debug|Any CPU.Build.0 = Debug|Any CPU
		{2A89759F-D961-4B20-9534-3C8DB3F05330}.Release|Any CPU.ActiveCfg = Release|Any CPU
		{2A89759F-D961-4B20-9534-3C8DB3F05330}.Release|Any CPU.Build.0 = Release|Any CPU
		{3FCACABA-261E-4162-8296-89B388E5D174}.Debug|Any CPU.ActiveCfg = Debug|Any CPU
		{3FCACABA-261E-4162-8296-89B388E5D174}.Debug|Any CPU.Build.0 = Debug|Any CPU
		{3FCACABA-261E-4162-8296-89B388E5D174}.Release|Any CPU.ActiveCfg = Release|Any CPU
		{3FCACABA-261E-4162-8296-89B388E5D174}.Release|Any CPU.Build.0 = Release|Any CPU
		{5464F1DD-3B34-47EF-B10B-64BC0775B00D}.Debug|Any CPU.ActiveCfg = Debug|Any CPU
		{5464F1DD-3B34-47EF-B10B-64BC0775B00D}.Debug|Any CPU.Build.0 = Debug|Any CPU
		{5464F1DD-3B34-47EF-B10B-64BC0775B00D}.Release|Any CPU.ActiveCfg = Release|Any CPU
		{5464F1DD-3B34-47EF-B10B-64BC0775B00D}.Release|Any CPU.Build.0 = Release|Any CPU
	EndGlobalSection
	GlobalSection(SolutionProperties) = preSolution
		HideSolutionNode = FALSE
	EndGlobalSection
	GlobalSection(NestedProjects) = preSolution
		{5464F1DD-3B34-47EF-B10B-64BC0775B00D} = {412544A3-018C-4E49-9366-353EC5E80FDA}
	EndGlobalSection
EndGlobal
